
Microsoft Visual Studio Solution File, Format Version 12.00
# Visual Studio Version 17
VisualStudioVersion = 17.0.31903.59
MinimumVisualStudioVersion = 10.0.40219.1
Project("{2150E333-8FDC-42A3-9474-1A3956D46DE8}") = "src", "src", "{809F86A1-1C4C-B159-0CD4-DF9D33D876CE}"
EndProject
Project("{FAE04EC0-301F-11D3-BF4B-00C04F79EFBC}") = "HybridOutbox.DynamoDb", "src\HybridOutbox.DynamoDb\HybridOutbox.DynamoDb.csproj", "{33DC1AA7-9B72-4C9C-BB30-12B72F9743E0}"
EndProject
Project("{FAE04EC0-301F-11D3-BF4B-00C04F79EFBC}") = "HybridOutbox", "src\HybridOutbox\HybridOutbox.csproj", "{939E2D2A-4E33-4FB2-AB64-F3CD53788797}"
EndProject
Project("{2150E333-8FDC-42A3-9474-1A3956D46DE8}") = "tests", "tests", "{1CB8E567-6B0C-4982-87BA-E9CAAA5F5865}"
EndProject
Project("{2150E333-8FDC-42A3-9474-1A3956D46DE8}") = "samples", "samples", "{A2C711D1-2932-477F-9CD1-E9999F5EC201}"
EndProject
Project("{FAE04EC0-301F-11D3-BF4B-00C04F79EFBC}") = "Sample.WebApi", "samples\Sample.WebApi\Sample.WebApi.csproj", "{2A015EE2-4945-4053-BF21-18A0CCB8A966}"
EndProject
Project("{FAE04EC0-301F-11D3-BF4B-00C04F79EFBC}") = "HybridOutbox.MassTransit", "src\HybridOutbox.MassTransit\HybridOutbox.MassTransit.csproj", "{D09901AC-3924-4B97-8201-2A4C012D83E9}"
EndProject
Project("{FAE04EC0-301F-11D3-BF4B-00C04F79EFBC}") = "HybridOutbox.Tests", "tests\HybridOutbox.Tests\HybridOutbox.Tests.csproj", "{F3A2B1C4-7D8E-9F0A-B1C2-D3E4F5A6B7C8}"
EndProject
Project("{FAE04EC0-301F-11D3-BF4B-00C04F79EFBC}") = "HybridOutbox.DynamoDb.Tests", "tests\HybridOutbox.DynamoDb.Tests\HybridOutbox.DynamoDb.Tests.csproj", "{2343E0A9-106E-495F-BC50-1870826473AB}"
EndProject
Project("{FAE04EC0-301F-11D3-BF4B-00C04F79EFBC}") = "HybridOutbox.MassTransit.Tests", "tests\HybridOutbox.MassTransit.Tests\HybridOutbox.MassTransit.Tests.csproj", "{81850910-7D29-419E-A4A5-47C63085957D}"
EndProject
Global
	GlobalSection(SolutionConfigurationPlatforms) = preSolution
		Debug|Any CPU = Debug|Any CPU
		Debug|x64 = Debug|x64
		Debug|x86 = Debug|x86
		Release|Any CPU = Release|Any CPU
		Release|x64 = Release|x64
		Release|x86 = Release|x86
	EndGlobalSection
	GlobalSection(ProjectConfigurationPlatforms) = postSolution
		{33DC1AA7-9B72-4C9C-BB30-12B72F9743E0}.Debug|Any CPU.ActiveCfg = Debug|Any CPU
		{33DC1AA7-9B72-4C9C-BB30-12B72F9743E0}.Debug|Any CPU.Build.0 = Debug|Any CPU
		{33DC1AA7-9B72-4C9C-BB30-12B72F9743E0}.Debug|x64.ActiveCfg = Debug|Any CPU
		{33DC1AA7-9B72-4C9C-BB30-12B72F9743E0}.Debug|x64.Build.0 = Debug|Any CPU
		{33DC1AA7-9B72-4C9C-BB30-12B72F9743E0}.Debug|x86.ActiveCfg = Debug|Any CPU
		{33DC1AA7-9B72-4C9C-BB30-12B72F9743E0}.Debug|x86.Build.0 = Debug|Any CPU
		{33DC1AA7-9B72-4C9C-BB30-12B72F9743E0}.Release|Any CPU.ActiveCfg = Release|Any CPU
		{33DC1AA7-9B72-4C9C-BB30-12B72F9743E0}.Release|Any CPU.Build.0 = Release|Any CPU
		{33DC1AA7-9B72-4C9C-BB30-12B72F9743E0}.Release|x64.ActiveCfg = Release|Any CPU
		{33DC1AA7-9B72-4C9C-BB30-12B72F9743E0}.Release|x64.Build.0 = Release|Any CPU
		{33DC1AA7-9B72-4C9C-BB30-12B72F9743E0}.Release|x86.ActiveCfg = Release|Any CPU
		{33DC1AA7-9B72-4C9C-BB30-12B72F9743E0}.Release|x86.Build.0 = Release|Any CPU
		{939E2D2A-4E33-4FB2-AB64-F3CD53788797}.Debug|Any CPU.ActiveCfg = Debug|Any CPU
		{939E2D2A-4E33-4FB2-AB64-F3CD53788797}.Debug|Any CPU.Build.0 = Debug|Any CPU
		{939E2D2A-4E33-4FB2-AB64-F3CD53788797}.Debug|x64.ActiveCfg = Debug|Any CPU
		{939E2D2A-4E33-4FB2-AB64-F3CD53788797}.Debug|x64.Build.0 = Debug|Any CPU
		{939E2D2A-4E33-4FB2-AB64-F3CD53788797}.Debug|x86.ActiveCfg = Debug|Any CPU
		{939E2D2A-4E33-4FB2-AB64-F3CD53788797}.Debug|x86.Build.0 = Debug|Any CPU
		{939E2D2A-4E33-4FB2-AB64-F3CD53788797}.Release|Any CPU.ActiveCfg = Release|Any CPU
		{939E2D2A-4E33-4FB2-AB64-F3CD53788797}.Release|Any CPU.Build.0 = Release|Any CPU
		{939E2D2A-4E33-4FB2-AB64-F3CD53788797}.Release|x64.ActiveCfg = Release|Any CPU
		{939E2D2A-4E33-4FB2-AB64-F3CD53788797}.Release|x64.Build.0 = Release|Any CPU
		{939E2D2A-4E33-4FB2-AB64-F3CD53788797}.Release|x86.ActiveCfg = Release|Any CPU
		{939E2D2A-4E33-4FB2-AB64-F3CD53788797}.Release|x86.Build.0 = Release|Any CPU
		{2A015EE2-4945-4053-BF21-18A0CCB8A966}.Debug|Any CPU.ActiveCfg = Debug|Any CPU
		{2A015EE2-4945-4053-BF21-18A0CCB8A966}.Debug|Any CPU.Build.0 = Debug|Any CPU
		{2A015EE2-4945-4053-BF21-18A0CCB8A966}.Debug|x64.ActiveCfg = Debug|Any CPU
		{2A015EE2-4945-4053-BF21-18A0CCB8A966}.Debug|x64.Build.0 = Debug|Any CPU
		{2A015EE2-4945-4053-BF21-18A0CCB8A966}.Debug|x86.ActiveCfg = Debug|Any CPU
		{2A015EE2-4945-4053-BF21-18A0CCB8A966}.Debug|x86.Build.0 = Debug|Any CPU
		{2A015EE2-4945-4053-BF21-18A0CCB8A966}.Release|Any CPU.ActiveCfg = Release|Any CPU
		{2A015EE2-4945-4053-BF21-18A0CCB8A966}.Release|Any CPU.Build.0 = Release|Any CPU
		{2A015EE2-4945-4053-BF21-18A0CCB8A966}.Release|x64.ActiveCfg = Release|Any CPU
		{2A015EE2-4945-4053-BF21-18A0CCB8A966}.Release|x64.Build.0 = Release|Any CPU
		{2A015EE2-4945-4053-BF21-18A0CCB8A966}.Release|x86.ActiveCfg = Release|Any CPU
		{2A015EE2-4945-4053-BF21-18A0CCB8A966}.Release|x86.Build.0 = Release|Any CPU
		{D09901AC-3924-4B97-8201-2A4C012D83E9}.Debug|Any CPU.ActiveCfg = Debug|Any CPU
		{D09901AC-3924-4B97-8201-2A4C012D83E9}.Debug|Any CPU.Build.0 = Debug|Any CPU
		{D09901AC-3924-4B97-8201-2A4C012D83E9}.Debug|x64.ActiveCfg = Debug|Any CPU
		{D09901AC-3924-4B97-8201-2A4C012D83E9}.Debug|x64.Build.0 = Debug|Any CPU
		{D09901AC-3924-4B97-8201-2A4C012D83E9}.Debug|x86.ActiveCfg = Debug|Any CPU
		{D09901AC-3924-4B97-8201-2A4C012D83E9}.Debug|x86.Build.0 = Debug|Any CPU
		{D09901AC-3924-4B97-8201-2A4C012D83E9}.Release|Any CPU.ActiveCfg = Release|Any CPU
		{D09901AC-3924-4B97-8201-2A4C012D83E9}.Release|Any CPU.Build.0 = Release|Any CPU
		{D09901AC-3924-4B97-8201-2A4C012D83E9}.Release|x64.ActiveCfg = Release|Any CPU
		{D09901AC-3924-4B97-8201-2A4C012D83E9}.Release|x64.Build.0 = Release|Any CPU
		{D09901AC-3924-4B97-8201-2A4C012D83E9}.Release|x86.ActiveCfg = Release|Any CPU
		{D09901AC-3924-4B97-8201-2A4C012D83E9}.Release|x86.Build.0 = Release|Any CPU
		{F3A2B1C4-7D8E-9F0A-B1C2-D3E4F5A6B7C8}.Debug|Any CPU.ActiveCfg = Debug|Any CPU
		{F3A2B1C4-7D8E-9F0A-B1C2-D3E4F5A6B7C8}.Debug|Any CPU.Build.0 = Debug|Any CPU
		{F3A2B1C4-7D8E-9F0A-B1C2-D3E4F5A6B7C8}.Debug|x64.ActiveCfg = Debug|Any CPU
		{F3A2B1C4-7D8E-9F0A-B1C2-D3E4F5A6B7C8}.Debug|x64.Build.0 = Debug|Any CPU
		{F3A2B1C4-7D8E-9F0A-B1C2-D3E4F5A6B7C8}.Debug|x86.ActiveCfg = Debug|Any CPU
		{F3A2B1C4-7D8E-9F0A-B1C2-D3E4F5A6B7C8}.Debug|x86.Build.0 = Debug|Any CPU
		{F3A2B1C4-7D8E-9F0A-B1C2-D3E4F5A6B7C8}.Release|Any CPU.ActiveCfg = Release|Any CPU
		{F3A2B1C4-7D8E-9F0A-B1C2-D3E4F5A6B7C8}.Release|Any CPU.Build.0 = Release|Any CPU
		{F3A2B1C4-7D8E-9F0A-B1C2-D3E4F5A6B7C8}.Release|x64.ActiveCfg = Release|Any CPU
		{F3A2B1C4-7D8E-9F0A-B1C2-D3E4F5A6B7C8}.Release|x64.Build.0 = Release|Any CPU
		{F3A2B1C4-7D8E-9F0A-B1C2-D3E4F5A6B7C8}.Release|x86.ActiveCfg = Release|Any CPU
		{F3A2B1C4-7D8E-9F0A-B1C2-D3E4F5A6B7C8}.Release|x86.Build.0 = Release|Any CPU
		{2343E0A9-106E-495F-BC50-1870826473AB}.Debug|Any CPU.ActiveCfg = Debug|Any CPU
		{2343E0A9-106E-495F-BC50-1870826473AB}.Debug|Any CPU.Build.0 = Debug|Any CPU
		{2343E0A9-106E-495F-BC50-1870826473AB}.Debug|x64.ActiveCfg = Debug|Any CPU
		{2343E0A9-106E-495F-BC50-1870826473AB}.Debug|x64.Build.0 = Debug|Any CPU
		{2343E0A9-106E-495F-BC50-1870826473AB}.Debug|x86.ActiveCfg = Debug|Any CPU
		{2343E0A9-106E-495F-BC50-1870826473AB}.Debug|x86.Build.0 = Debug|Any CPU
		{2343E0A9-106E-495F-BC50-1870826473AB}.Release|Any CPU.ActiveCfg = Release|Any CPU
		{2343E0A9-106E-495F-BC50-1870826473AB}.Release|Any CPU.Build.0 = Release|Any CPU
		{2343E0A9-106E-495F-BC50-1870826473AB}.Release|x64.ActiveCfg = Release|Any CPU
		{2343E0A9-106E-495F-BC50-1870826473AB}.Release|x64.Build.0 = Release|Any CPU
		{2343E0A9-106E-495F-BC50-1870826473AB}.Release|x86.ActiveCfg = Release|Any CPU
		{2343E0A9-106E-495F-BC50-1870826473AB}.Release|x86.Build.0 = Release|Any CPU
		{81850910-7D29-419E-A4A5-47C63085957D}.Debug|Any CPU.ActiveCfg = Debug|Any CPU
		{81850910-7D29-419E-A4A5-47C63085957D}.Debug|Any CPU.Build.0 = Debug|Any CPU
		{81850910-7D29-419E-A4A5-47C63085957D}.Debug|x64.ActiveCfg = Debug|Any CPU
		{81850910-7D29-419E-A4A5-47C63085957D}.Debug|x64.Build.0 = Debug|Any CPU
		{81850910-7D29-419E-A4A5-47C63085957D}.Debug|x86.ActiveCfg = Debug|Any CPU
		{81850910-7D29-419E-A4A5-47C63085957D}.Debug|x86.Build.0 = Debug|Any CPU
		{81850910-7D29-419E-A4A5-47C63085957D}.Release|Any CPU.ActiveCfg = Release|Any CPU
		{81850910-7D29-419E-A4A5-47C63085957D}.Release|Any CPU.Build.0 = Release|Any CPU
		{81850910-7D29-419E-A4A5-47C63085957D}.Release|x64.ActiveCfg = Release|Any CPU
		{81850910-7D29-419E-A4A5-47C63085957D}.Release|x64.Build.0 = Release|Any CPU
		{81850910-7D29-419E-A4A5-47C63085957D}.Release|x86.ActiveCfg = Release|Any CPU
		{81850910-7D29-419E-A4A5-47C63085957D}.Release|x86.Build.0 = Release|Any CPU
	EndGlobalSection
	GlobalSection(SolutionProperties) = preSolution
		HideSolutionNode = FALSE
	EndGlobalSection
	GlobalSection(NestedProjects) = preSolution
		{33DC1AA7-9B72-4C9C-BB30-12B72F9743E0} = {809F86A1-1C4C-B159-0CD4-DF9D33D876CE}
		{939E2D2A-4E33-4FB2-AB64-F3CD53788797} = {809F86A1-1C4C-B159-0CD4-DF9D33D876CE}
		{2A015EE2-4945-4053-BF21-18A0CCB8A966} = {A2C711D1-2932-477F-9CD1-E9999F5EC201}
		{D09901AC-3924-4B97-8201-2A4C012D83E9} = {809F86A1-1C4C-B159-0CD4-DF9D33D876CE}
		{F3A2B1C4-7D8E-9F0A-B1C2-D3E4F5A6B7C8} = {1CB8E567-6B0C-4982-87BA-E9CAAA5F5865}
		{2343E0A9-106E-495F-BC50-1870826473AB} = {1CB8E567-6B0C-4982-87BA-E9CAAA5F5865}
		{81850910-7D29-419E-A4A5-47C63085957D} = {1CB8E567-6B0C-4982-87BA-E9CAAA5F5865}
	EndGlobalSection
EndGlobal
